// !$*UTF8*$!
{
	archiveVersion = 1;
	classes = {
	};
	objectVersion = 50;
	objects = {

/* Begin PBXBuildFile section */
		34741D5427DF1C3400E4548E /* Artes_3DApp.swift in Sources */ = {isa = PBXBuildFile; fileRef = 34741D5327DF1C3400E4548E /* Artes_3DApp.swift */; };
		34741D5627DF1C3400E4548E /* ContentView.swift in Sources */ = {isa = PBXBuildFile; fileRef = 34741D5527DF1C3400E4548E /* ContentView.swift */; };
		34741D5827DF1C5E00E4548E /* Assets.xcassets in Resources */ = {isa = PBXBuildFile; fileRef = 34741D5727DF1C5E00E4548E /* Assets.xcassets */; };
		34741D5B27DF1C5E00E4548E /* Preview Assets.xcassets in Resources */ = {isa = PBXBuildFile; fileRef = 34741D5A27DF1C5E00E4548E /* Preview Assets.xcassets */; };
		34741D6A27DF1E1D00E4548E /* HeaderView.swift in Sources */ = {isa = PBXBuildFile; fileRef = 34741D6927DF1E1D00E4548E /* HeaderView.swift */; };
		34741D6E27DF236200E4548E /* SearchBarView.swift in Sources */ = {isa = PBXBuildFile; fileRef = 34741D6D27DF236200E4548E /* SearchBarView.swift */; };
		34741D7127DF27B000E4548E /* TopingButtonsView.swift in Sources */ = {isa = PBXBuildFile; fileRef = 34741D7027DF27B000E4548E /* TopingButtonsView.swift */; };
		34741D7427DF2A0400E4548E /* TopingHeaderView.swift in Sources */ = {isa = PBXBuildFile; fileRef = 34741D7327DF2A0400E4548E /* TopingHeaderView.swift */; };
		34741D7727DF2DEC00E4548E /* MainApp.swift in Sources */ = {isa = PBXBuildFile; fileRef = 34741D7627DF2DEC00E4548E /* MainApp.swift */; };
		34741D7A27DF302800E4548E /* Favorito.swift in Sources */ = {isa = PBXBuildFile; fileRef = 34741D7927DF302800E4548E /* Favorito.swift */; };
		34741D7D27DF304800E4548E /* Objectos.swift in Sources */ = {isa = PBXBuildFile; fileRef = 34741D7C27DF304800E4548E /* Objectos.swift */; };
		34741D8027DF306900E4548E /* ContaUser.swift in Sources */ = {isa = PBXBuildFile; fileRef = 34741D7F27DF306900E4548E /* ContaUser.swift */; };
		34741D8327DF31D600E4548E /* HeadilineTexte.swift in Sources */ = {isa = PBXBuildFile; fileRef = 34741D8227DF31D600E4548E /* HeadilineTexte.swift */; };
		34741D8727DF346100E4548E /* arte3DModel.swift in Sources */ = {isa = PBXBuildFile; fileRef = 34741D8627DF346100E4548E /* arte3DModel.swift */; };
		34741D8A27DF34F700E4548E /* arteData.swift in Sources */ = {isa = PBXBuildFile; fileRef = 34741D8927DF34F700E4548E /* arteData.swift */; };
		34741D8D27DF362400E4548E /* CardView.swift in Sources */ = {isa = PBXBuildFile; fileRef = 34741D8C27DF362400E4548E /* CardView.swift */; };
		34741D9027DF39E200E4548E /* ListCardView.swift in Sources */ = {isa = PBXBuildFile; fileRef = 34741D8F27DF39E200E4548E /* ListCardView.swift */; };
/* End PBXBuildFile section */

/* Begin PBXFileReference section */
		34741D5027DF1C3300E4548E /* Artes 3D.app */ = {isa = PBXFileReference; explicitFileType = wrapper.application; includeInIndex = 0; path = "Artes 3D.app"; sourceTree = BUILT_PRODUCTS_DIR; };
		34741D5327DF1C3400E4548E /* Artes_3DApp.swift */ = {isa = PBXFileReference; lastKnownFileType = sourcecode.swift; path = Artes_3DApp.swift; sourceTree = "<group>"; };
		34741D5527DF1C3400E4548E /* ContentView.swift */ = {isa = PBXFileReference; lastKnownFileType = sourcecode.swift; path = ContentView.swift; sourceTree = "<group>"; };
		34741D5727DF1C5E00E4548E /* Assets.xcassets */ = {isa = PBXFileReference; lastKnownFileType = folder.assetcatalog; path = Assets.xcassets; sourceTree = "<group>"; };
		34741D5A27DF1C5E00E4548E /* Preview Assets.xcassets */ = {isa = PBXFileReference; lastKnownFileType = folder.assetcatalog; path = "Preview Assets.xcassets"; sourceTree = "<group>"; };
		34741D5C27DF1C5E00E4548E /* Info.plist */ = {isa = PBXFileReference; lastKnownFileType = text.plist.xml; path = Info.plist; sourceTree = "<group>"; };
		34741D6927DF1E1D00E4548E /* HeaderView.swift */ = {isa = PBXFileReference; lastKnownFileType = sourcecode.swift; path = HeaderView.swift; sourceTree = "<group>"; };
		34741D6D27DF236200E4548E /* SearchBarView.swift */ = {isa = PBXFileReference; lastKnownFileType = sourcecode.swift; path = SearchBarView.swift; sourceTree = "<group>"; };
		34741D7027DF27B000E4548E /* TopingButtonsView.swift */ = {isa = PBXFileReference; lastKnownFileType = sourcecode.swift; path = TopingButtonsView.swift; sourceTree = "<group>"; };
		34741D7327DF2A0400E4548E /* TopingHeaderView.swift */ = {isa = PBXFileReference; lastKnownFileType = sourcecode.swift; path = TopingHeaderView.swift; sourceTree = "<group>"; };
		34741D7627DF2DEC00E4548E /* MainApp.swift */ = {isa = PBXFileReference; lastKnownFileType = sourcecode.swift; path = MainApp.swift; sourceTree = "<group>"; };
		34741D7927DF302800E4548E /* Favorito.swift */ = {isa = PBXFileReference; lastKnownFileType = sourcecode.swift; path = Favorito.swift; sourceTree = "<group>"; };
		34741D7C27DF304800E4548E /* Objectos.swift */ = {isa = PBXFileReference; lastKnownFileType = sourcecode.swift; path = Objectos.swift; sourceTree = "<group>"; };
		34741D7F27DF306900E4548E /* ContaUser.swift */ = {isa = PBXFileReference; lastKnownFileType = sourcecode.swift; path = ContaUser.swift; sourceTree = "<group>"; };
		34741D8227DF31D600E4548E /* HeadilineTexte.swift */ = {isa = PBXFileReference; lastKnownFileType = sourcecode.swift; path = HeadilineTexte.swift; sourceTree = "<group>"; };
		34741D8627DF346100E4548E /* arte3DModel.swift */ = {isa = PBXFileReference; lastKnownFileType = sourcecode.swift; path = arte3DModel.swift; sourceTree = "<group>"; };
		34741D8927DF34F700E4548E /* arteData.swift */ = {isa = PBXFileReference; lastKnownFileType = sourcecode.swift; path = arteData.swift; sourceTree = "<group>"; };
		34741D8C27DF362400E4548E /* CardView.swift */ = {isa = PBXFileReference; lastKnownFileType = sourcecode.swift; path = CardView.swift; sourceTree = "<group>"; };
		34741D8F27DF39E200E4548E /* ListCardView.swift */ = {isa = PBXFileReference; lastKnownFileType = sourcecode.swift; path = ListCardView.swift; sourceTree = "<group>"; };
/* End PBXFileReference section */

/* Begin PBXFrameworksBuildPhase section */
		34741D4D27DF1C3300E4548E /* Frameworks */ = {
			isa = PBXFrameworksBuildPhase;
			buildActionMask = 2147483647;
			files = (
			);
			runOnlyForDeploymentPostprocessing = 0;
		};
/* End PBXFrameworksBuildPhase section */

/* Begin PBXGroup section */
		34741D4727DF1C3200E4548E = {
			isa = PBXGroup;
			children = (
				34741D5227DF1C3300E4548E /* Artes 3D */,
				34741D5127DF1C3300E4548E /* Products */,
			);
			sourceTree = "<group>";
		};
		34741D5127DF1C3300E4548E /* Products */ = {
			isa = PBXGroup;
			children = (
				34741D5027DF1C3300E4548E /* Artes 3D.app */,
			);
			name = Products;
			sourceTree = "<group>";
		};
		34741D5227DF1C3300E4548E /* Artes 3D */ = {
			isa = PBXGroup;
			children = (
				34741D6827DF1CFD00E4548E /* View */,
				34741D6627DF1CE500E4548E /* Model */,
				34741D6527DF1CDD00E4548E /* Data */,
				34741D6327DF1CD000E4548E /* App */,
				34741D5727DF1C5E00E4548E /* Assets.xcassets */,
				34741D5C27DF1C5E00E4548E /* Info.plist */,
				34741D5927DF1C5E00E4548E /* Preview Content */,
			);
			path = "Artes 3D";
			sourceTree = "<group>";
		};
		34741D5927DF1C5E00E4548E /* Preview Content */ = {
			isa = PBXGroup;
			children = (
				34741D5A27DF1C5E00E4548E /* Preview Assets.xcassets */,
			);
			path = "Preview Content";
			sourceTree = "<group>";
		};
		34741D6327DF1CD000E4548E /* App */ = {
			isa = PBXGroup;
			children = (
				34741D5327DF1C3400E4548E /* Artes_3DApp.swift */,
				34741D5527DF1C3400E4548E /* ContentView.swift */,
				34741D7627DF2DEC00E4548E /* MainApp.swift */,
				34741D7927DF302800E4548E /* Favorito.swift */,
				34741D7C27DF304800E4548E /* Objectos.swift */,
				34741D7F27DF306900E4548E /* ContaUser.swift */,
			);
			path = App;
			sourceTree = "<group>";
		};
		34741D6527DF1CDD00E4548E /* Data */ = {
			isa = PBXGroup;
			children = (
				34741D8927DF34F700E4548E /* arteData.swift */,
			);
			path = Data;
			sourceTree = "<group>";
		};
		34741D6627DF1CE500E4548E /* Model */ = {
			isa = PBXGroup;
			children = (
				34741D8627DF346100E4548E /* arte3DModel.swift */,
			);
			path = Model;
			sourceTree = "<group>";
		};
		34741D6827DF1CFD00E4548E /* View */ = {
			isa = PBXGroup;
			children = (
				34741D6927DF1E1D00E4548E /* HeaderView.swift */,
				34741D6D27DF236200E4548E /* SearchBarView.swift */,
				34741D7027DF27B000E4548E /* TopingButtonsView.swift */,
				34741D7327DF2A0400E4548E /* TopingHeaderView.swift */,
				34741D8227DF31D600E4548E /* HeadilineTexte.swift */,
				34741D8C27DF362400E4548E /* CardView.swift */,
				34741D8F27DF39E200E4548E /* ListCardView.swift */,
			);
			path = View;
			sourceTree = "<group>";
		};
/* End PBXGroup section */

/* Begin PBXNativeTarget section */
		34741D4F27DF1C3300E4548E /* Artes 3D */ = {
			isa = PBXNativeTarget;
			buildConfigurationList = 34741D5F27DF1C5E00E4548E /* Build configuration list for PBXNativeTarget "Artes 3D" */;
			buildPhases = (
				34741D4C27DF1C3300E4548E /* Sources */,
				34741D4D27DF1C3300E4548E /* Frameworks */,
				34741D4E27DF1C3300E4548E /* Resources */,
			);
			buildRules = (
			);
			dependencies = (
			);
			name = "Artes 3D";
			productName = "Artes 3D";
			productReference = 34741D5027DF1C3300E4548E /* Artes 3D.app */;
			productType = "com.apple.product-type.application";
		};
/* End PBXNativeTarget section */

/* Begin PBXProject section */
		34741D4827DF1C3200E4548E /* Project object */ = {
			isa = PBXProject;
			attributes = {
				LastSwiftUpdateCheck = 1240;
				LastUpgradeCheck = 1240;
				TargetAttributes = {
					34741D4F27DF1C3300E4548E = {
						CreatedOnToolsVersion = 12.4;
					};
				};
			};
			buildConfigurationList = 34741D4B27DF1C3300E4548E /* Build configuration list for PBXProject "Artes 3D" */;
			compatibilityVersion = "Xcode 9.3";
			developmentRegion = en;
			hasScannedForEncodings = 0;
			knownRegions = (
				en,
				Base,
			);
			mainGroup = 34741D4727DF1C3200E4548E;
			productRefGroup = 34741D5127DF1C3300E4548E /* Products */;
			projectDirPath = "";
			projectRoot = "";
			targets = (
				34741D4F27DF1C3300E4548E /* Artes 3D */,
			);
		};
/* End PBXProject section */

/* Begin PBXResourcesBuildPhase section */
		34741D4E27DF1C3300E4548E /* Resources */ = {
			isa = PBXResourcesBuildPhase;
			buildActionMask = 2147483647;
			files = (
				34741D5B27DF1C5E00E4548E /* Preview Assets.xcassets in Resources */,
				34741D5827DF1C5E00E4548E /* Assets.xcassets in Resources */,
			);
			runOnlyForDeploymentPostprocessing = 0;
		};
/* End PBXResourcesBuildPhase section */

/* Begin PBXSourcesBuildPhase section */
		34741D4C27DF1C3300E4548E /* Sources */ = {
			isa = PBXSourcesBuildPhase;
			buildActionMask = 2147483647;
			files = (
				34741D8D27DF362400E4548E /* CardView.swift in Sources */,
				34741D8327DF31D600E4548E /* HeadilineTexte.swift in Sources */,
				34741D7427DF2A0400E4548E /* TopingHeaderView.swift in Sources */,
				34741D8A27DF34F700E4548E /* arteData.swift in Sources */,
				34741D7127DF27B000E4548E /* TopingButtonsView.swift in Sources */,
				34741D7727DF2DEC00E4548E /* MainApp.swift in Sources */,
				34741D7A27DF302800E4548E /* Favorito.swift in Sources */,
				34741D8027DF306900E4548E /* ContaUser.swift in Sources */,
				34741D7D27DF304800E4548E /* Objectos.swift in Sources */,
				34741D6E27DF236200E4548E /* SearchBarView.swift in Sources */,
				34741D9027DF39E200E4548E /* ListCardView.swift in Sources */,
				34741D8727DF346100E4548E /* arte3DModel.swift in Sources */,
				34741D5627DF1C3400E4548E /* ContentView.swift in Sources */,
				34741D6A27DF1E1D00E4548E /* HeaderView.swift in Sources */,
				34741D5427DF1C3400E4548E /* Artes_3DApp.swift in Sources */,
			);
			runOnlyForDeploymentPostprocessing = 0;
		};
/* End PBXSourcesBuildPhase section */

/* Begin XCBuildConfiguration section */
		34741D5D27DF1C5E00E4548E /* Debug */ = {
			isa = XCBuildConfiguration;
			buildSettings = {
				ALWAYS_SEARCH_USER_PATHS = NO;
				CLANG_ANALYZER_NONNULL = YES;
				CLANG_ANALYZER_NUMBER_OBJECT_CONVERSION = YES_AGGRESSIVE;
				CLANG_CXX_LANGUAGE_STANDARD = "gnu++14";
				CLANG_CXX_LIBRARY = "libc++";
				CLANG_ENABLE_MODULES = YES;
				CLANG_ENABLE_OBJC_ARC = YES;
				CLANG_ENABLE_OBJC_WEAK = YES;
				CLANG_WARN_BLOCK_CAPTURE_AUTORELEASING = YES;
				CLANG_WARN_BOOL_CONVERSION = YES;
				CLANG_WARN_COMMA = YES;
				CLANG_WARN_CONSTANT_CONVERSION = YES;
				CLANG_WARN_DEPRECATED_OBJC_IMPLEMENTATIONS = YES;
				CLANG_WARN_DIRECT_OBJC_ISA_USAGE = YES_ERROR;
				CLANG_WARN_DOCUMENTATION_COMMENTS = YES;
				CLANG_WARN_EMPTY_BODY = YES;
				CLANG_WARN_ENUM_CONVERSION = YES;
				CLANG_WARN_INFINITE_RECURSION = YES;
				CLANG_WARN_INT_CONVERSION = YES;
				CLANG_WARN_NON_LITERAL_NULL_CONVERSION = YES;
				CLANG_WARN_OBJC_IMPLICIT_RETAIN_SELF = YES;
				CLANG_WARN_OBJC_LITERAL_CONVERSION = YES;
				CLANG_WARN_OBJC_ROOT_CLASS = YES_ERROR;
				CLANG_WARN_QUOTED_INCLUDE_IN_FRAMEWORK_HEADER = YES;
				CLANG_WARN_RANGE_LOOP_ANALYSIS = YES;
				CLANG_WARN_STRICT_PROTOTYPES = YES;
				CLANG_WARN_SUSPICIOUS_MOVE = YES;
				CLANG_WARN_UNGUARDED_AVAILABILITY = YES_AGGRESSIVE;
				CLANG_WARN_UNREACHABLE_CODE = YES;
				CLANG_WARN__DUPLICATE_METHOD_MATCH = YES;
				COPY_PHASE_STRIP = NO;
				DEBUG_INFORMATION_FORMAT = dwarf;
				ENABLE_STRICT_OBJC_MSGSEND = YES;
				ENABLE_TESTABILITY = YES;
				GCC_C_LANGUAGE_STANDARD = gnu11;
				GCC_DYNAMIC_NO_PIC = NO;
				GCC_NO_COMMON_BLOCKS = YES;
				GCC_OPTIMIZATION_LEVEL = 0;
				GCC_PREPROCESSOR_DEFINITIONS = (
					"DEBUG=1",
					"$(inherited)",
				);
				GCC_WARN_64_TO_32_BIT_CONVERSION = YES;
				GCC_WARN_ABOUT_RETURN_TYPE = YES_ERROR;
				GCC_WARN_UNDECLARED_SELECTOR = YES;
				GCC_WARN_UNINITIALIZED_AUTOS = YES_AGGRESSIVE;
				GCC_WARN_UNUSED_FUNCTION = YES;
				GCC_WARN_UNUSED_VARIABLE = YES;
				IPHONEOS_DEPLOYMENT_TARGET = 14.4;
				MTL_ENABLE_DEBUG_INFO = INCLUDE_SOURCE;
				MTL_FAST_MATH = YES;
				ONLY_ACTIVE_ARCH = YES;
				SDKROOT = iphoneos;
				SWIFT_ACTIVE_COMPILATION_CONDITIONS = DEBUG;
				SWIFT_OPTIMIZATION_LEVEL = "-Onone";
			};
			name = Debug;
		};
		34741D5E27DF1C5E00E4548E /* Release */ = {
			isa = XCBuildConfiguration;
			buildSettings = {
				ALWAYS_SEARCH_USER_PATHS = NO;
				CLANG_ANALYZER_NONNULL = YES;
				CLANG_ANALYZER_NUMBER_OBJECT_CONVERSION = YES_AGGRESSIVE;
				CLANG_CXX_LANGUAGE_STANDARD = "gnu++14";
				CLANG_CXX_LIBRARY = "libc++";
				CLANG_ENABLE_MODULES = YES;
				CLANG_ENABLE_OBJC_ARC = YES;
				CLANG_ENABLE_OBJC_WEAK = YES;
				CLANG_WARN_BLOCK_CAPTURE_AUTORELEASING = YES;
				CLANG_WARN_BOOL_CONVERSION = YES;
				CLANG_WARN_COMMA = YES;
				CLANG_WARN_CONSTANT_CONVERSION = YES;
				CLANG_WARN_DEPRECATED_OBJC_IMPLEMENTATIONS = YES;
				CLANG_WARN_DIRECT_OBJC_ISA_USAGE = YES_ERROR;
				CLANG_WARN_DOCUMENTATION_COMMENTS = YES;
				CLANG_WARN_EMPTY_BODY = YES;
				CLANG_WARN_ENUM_CONVERSION = YES;
				CLANG_WARN_INFINITE_RECURSION = YES;
				CLANG_WARN_INT_CONVERSION = YES;
				CLANG_WARN_NON_LITERAL_NULL_CONVERSION = YES;
				CLANG_WARN_OBJC_IMPLICIT_RETAIN_SELF = YES;
				CLANG_WARN_OBJC_LITERAL_CONVERSION = YES;
				CLANG_WARN_OBJC_ROOT_CLASS = YES_ERROR;
				CLANG_WARN_QUOTED_INCLUDE_IN_FRAMEWORK_HEADER = YES;
				CLANG_WARN_RANGE_LOOP_ANALYSIS = YES;
				CLANG_WARN_STRICT_PROTOTYPES = YES;
				CLANG_WARN_SUSPICIOUS_MOVE = YES;
				CLANG_WARN_UNGUARDED_AVAILABILITY = YES_AGGRESSIVE;
				CLANG_WARN_UNREACHABLE_CODE = YES;
				CLANG_WARN__DUPLICATE_METHOD_MATCH = YES;
				COPY_PHASE_STRIP = NO;
				DEBUG_INFORMATION_FORMAT = "dwarf-with-dsym";
				ENABLE_NS_ASSERTIONS = NO;
				ENABLE_STRICT_OBJC_MSGSEND = YES;
				GCC_C_LANGUAGE_STANDARD = gnu11;
				GCC_NO_COMMON_BLOCKS = YES;
				GCC_WARN_64_TO_32_BIT_CONVERSION = YES;
				GCC_WARN_ABOUT_RETURN_TYPE = YES_ERROR;
				GCC_WARN_UNDECLARED_SELECTOR = YES;
				GCC_WARN_UNINITIALIZED_AUTOS = YES_AGGRESSIVE;
				GCC_WARN_UNUSED_FUNCTION = YES;
				GCC_WARN_UNUSED_VARIABLE = YES;
				IPHONEOS_DEPLOYMENT_TARGET = 14.4;
				MTL_ENABLE_DEBUG_INFO = NO;
				MTL_FAST_MATH = YES;
				SDKROOT = iphoneos;
				SWIFT_COMPILATION_MODE = wholemodule;
				SWIFT_OPTIMIZATION_LEVEL = "-O";
				VALIDATE_PRODUCT = YES;
			};
			name = Release;
		};
		34741D6027DF1C5E00E4548E /* Debug */ = {
			isa = XCBuildConfiguration;
			buildSettings = {
				ASSETCATALOG_COMPILER_APPICON_NAME = AppIcon;
				ASSETCATALOG_COMPILER_GLOBAL_ACCENT_COLOR_NAME = AccentColor;
				CODE_SIGN_STYLE = Automatic;
				DEVELOPMENT_ASSET_PATHS = "\"Artes 3D/Preview Content\"";
				DEVELOPMENT_TEAM = JP9F6KG68S;
				ENABLE_PREVIEWS = YES;
				INFOPLIST_FILE = "Artes 3D/Info.plist";
				IPHONEOS_DEPLOYMENT_TARGET = 14.0;
				LD_RUNPATH_SEARCH_PATHS = (
					"$(inherited)",
					"@executable_path/Frameworks",
				);
				PRODUCT_BUNDLE_IDENTIFIER = "com.mauroOlivere.Artes-3D";
				PRODUCT_NAME = "$(TARGET_NAME)";
				SWIFT_VERSION = 5.0;
				TARGETED_DEVICE_FAMILY = "1,2";
			};
			name = Debug;
		};
		34741D6127DF1C5E00E4548E /* Release */ = {
			isa = XCBuildConfiguration;
			buildSettings = {
				ASSETCATALOG_COMPILER_APPICON_NAME = AppIcon;
				ASSETCATALOG_COMPILER_GLOBAL_ACCENT_COLOR_NAME = AccentColor;
				CODE_SIGN_STYLE = Automatic;
				DEVELOPMENT_ASSET_PATHS = "\"Artes 3D/Preview Content\"";
				DEVELOPMENT_TEAM = JP9F6KG68S;
				ENABLE_PREVIEWS = YES;
				INFOPLIST_FILE = "Artes 3D/Info.plist";
				IPHONEOS_DEPLOYMENT_TARGET = 14.0;
				LD_RUNPATH_SEARCH_PATHS = (
					"$(inherited)",
					"@executable_path/Frameworks",
				);
				PRODUCT_BUNDLE_IDENTIFIER = "com.mauroOlivere.Artes-3D";
				PRODUCT_NAME = "$(TARGET_NAME)";
				SWIFT_VERSION = 5.0;
				TARGETED_DEVICE_FAMILY = "1,2";
			};
			name = Release;
		};
/* End XCBuildConfiguration section */

/* Begin XCConfigurationList section */
		34741D4B27DF1C3300E4548E /* Build configuration list for PBXProject "Artes 3D" */ = {
			isa = XCConfigurationList;
			buildConfigurations = (
				34741D5D27DF1C5E00E4548E /* Debug */,
				34741D5E27DF1C5E00E4548E /* Release */,
			);
			defaultConfigurationIsVisible = 0;
			defaultConfigurationName = Release;
		};
		34741D5F27DF1C5E00E4548E /* Build configuration list for PBXNativeTarget "Artes 3D" */ = {
			isa = XCConfigurationList;
			buildConfigurations = (
				34741D6027DF1C5E00E4548E /* Debug */,
				34741D6127DF1C5E00E4548E /* Release */,
			);
			defaultConfigurationIsVisible = 0;
			defaultConfigurationName = Release;
		};
/* End XCConfigurationList section */
	};
	rootObject = 34741D4827DF1C3200E4548E /* Project object */;
}
